
Microsoft Visual Studio Solution File, Format Version 12.00
# Visual Studio 15
VisualStudioVersion = 15.0.28010.2048
MinimumVisualStudioVersion = 10.0.40219.1
Project("{9A19103F-16F7-4668-BE54-9A1E7A4F7556}") = "RealSharp", "RealSharp\RealSharp.csproj", "{6969B342-3531-4EA6-A526-7E6A6985D8AE}"
EndProject
Project("{2150E333-8FDC-42A3-9474-1A3956D46DE8}") = "Solution Items", "Solution Items", "{B230C9C1-4447-4DE6-9732-99A3B32638CF}"
	ProjectSection(SolutionItems) = preProject
		Performance1.psess = Performance1.psess
	EndProjectSection
EndProject
Global
	GlobalSection(Performance) = preSolution
		HasPerformanceSessions = true
	EndGlobalSection
	GlobalSection(SolutionConfigurationPlatforms) = preSolution
		Debug|Any CPU = Debug|Any CPU
		Release|Any CPU = Release|Any CPU
	EndGlobalSection
	GlobalSection(ProjectConfigurationPlatforms) = postSolution
		{6969B342-3531-4EA6-A526-7E6A6985D8AE}.Debug|Any CPU.ActiveCfg = Debug|Any CPU
		{6969B342-3531-4EA6-A526-7E6A6985D8AE}.Debug|Any CPU.Build.0 = Debug|Any CPU
		{6969B342-3531-4EA6-A526-7E6A6985D8AE}.Release|Any CPU.ActiveCfg = Release|Any CPU
		{6969B342-3531-4EA6-A526-7E6A6985D8AE}.Release|Any CPU.Build.0 = Release|Any CPU
	EndGlobalSection
	GlobalSection(SolutionProperties) = preSolution
		HideSolutionNode = FALSE
	EndGlobalSection
	GlobalSection(ExtensibilityGlobals) = postSolution
		SolutionGuid = {51BA5790-FBEC-45CE-B0B4-38DA37958B81}
	EndGlobalSection
	GlobalSection(Performance) = preSolution
		HasPerformanceSessions = true
	EndGlobalSection
EndGlobal
